
Microsoft Visual Studio Solution File, Format Version 12.00
# Visual Studio 15
VisualStudioVersion = 15.0.28010.2041
MinimumVisualStudioVersion = 10.0.40219.1
Project("{FAE04EC0-301F-11D3-BF4B-00C04F79EFBC}") = "Sales.Android", "Sales\Sales.Android\Sales.Android.csproj", "{A3E5072C-9F88-4842-BFFB-B85D135CBAE9}"
EndProject
Project("{FAE04EC0-301F-11D3-BF4B-00C04F79EFBC}") = "Sales.iOS", "Sales\Sales.iOS\Sales.iOS.csproj", "{BE2695C1-2E18-4F6E-B1CF-28523E649EC7}"
EndProject
Project("{FAE04EC0-301F-11D3-BF4B-00C04F79EFBC}") = "Sales.UWP", "Sales\Sales.UWP\Sales.UWP.csproj", "{BE1AB391-0382-4672-9A60-EC15F82D6081}"
EndProject
Project("{FAE04EC0-301F-11D3-BF4B-00C04F79EFBC}") = "Sales", "Sales\Sales\Sales.csproj", "{A13E3E55-B738-4894-AD58-35C6F498214B}"
EndProject
Project("{FAE04EC0-301F-11D3-BF4B-00C04F79EFBC}") = "Sales.Backend", "Sales.Backend\Sales.Backend.csproj", "{D3C78694-3FB4-4BB0-82E0-93D52D936F70}"
EndProject
Project("{FAE04EC0-301F-11D3-BF4B-00C04F79EFBC}") = "Sales.API", "Sales.API\Sales.API.csproj", "{506732ED-08D8-4D0D-AB23-D758FA165C00}"
EndProject
Project("{FAE04EC0-301F-11D3-BF4B-00C04F79EFBC}") = "Sales.Domain", "Sales.Domain\Sales.Domain.csproj", "{C0E95AB4-2E58-40BF-9538-D446494FC55C}"
EndProject
Project("{FAE04EC0-301F-11D3-BF4B-00C04F79EFBC}") = "Sales.Common", "Sales.Common\Sales.Common.csproj", "{8812A288-5171-40AA-A59B-183AE31BB1C8}"
EndProject
Global
	GlobalSection(SolutionConfigurationPlatforms) = preSolution
		Ad-Hoc|Any CPU = Ad-Hoc|Any CPU
		Ad-Hoc|ARM = Ad-Hoc|ARM
		Ad-Hoc|iPhone = Ad-Hoc|iPhone
		Ad-Hoc|iPhoneSimulator = Ad-Hoc|iPhoneSimulator
		Ad-Hoc|x64 = Ad-Hoc|x64
		Ad-Hoc|x86 = Ad-Hoc|x86
		AppStore|Any CPU = AppStore|Any CPU
		AppStore|ARM = AppStore|ARM
		AppStore|iPhone = AppStore|iPhone
		AppStore|iPhoneSimulator = AppStore|iPhoneSimulator
		AppStore|x64 = AppStore|x64
		AppStore|x86 = AppStore|x86
		Debug|Any CPU = Debug|Any CPU
		Debug|ARM = Debug|ARM
		Debug|iPhone = Debug|iPhone
		Debug|iPhoneSimulator = Debug|iPhoneSimulator
		Debug|x64 = Debug|x64
		Debug|x86 = Debug|x86
		Release|Any CPU = Release|Any CPU
		Release|ARM = Release|ARM
		Release|iPhone = Release|iPhone
		Release|iPhoneSimulator = Release|iPhoneSimulator
		Release|x64 = Release|x64
		Release|x86 = Release|x86
	EndGlobalSection
	GlobalSection(ProjectConfigurationPlatforms) = postSolution
		{A3E5072C-9F88-4842-BFFB-B85D135CBAE9}.Ad-Hoc|Any CPU.ActiveCfg = Release|Any CPU
		{A3E5072C-9F88-4842-BFFB-B85D135CBAE9}.Ad-Hoc|Any CPU.Build.0 = Release|Any CPU
		{A3E5072C-9F88-4842-BFFB-B85D135CBAE9}.Ad-Hoc|Any CPU.Deploy.0 = Release|Any CPU
		{A3E5072C-9F88-4842-BFFB-B85D135CBAE9}.Ad-Hoc|ARM.ActiveCfg = Release|Any CPU
		{A3E5072C-9F88-4842-BFFB-B85D135CBAE9}.Ad-Hoc|ARM.Build.0 = Release|Any CPU
		{A3E5072C-9F88-4842-BFFB-B85D135CBAE9}.Ad-Hoc|ARM.Deploy.0 = Release|Any CPU
		{A3E5072C-9F88-4842-BFFB-B85D135CBAE9}.Ad-Hoc|iPhone.ActiveCfg = Release|Any CPU
		{A3E5072C-9F88-4842-BFFB-B85D135CBAE9}.Ad-Hoc|iPhone.Build.0 = Release|Any CPU
		{A3E5072C-9F88-4842-BFFB-B85D135CBAE9}.Ad-Hoc|iPhone.Deploy.0 = Release|Any CPU
		{A3E5072C-9F88-4842-BFFB-B85D135CBAE9}.Ad-Hoc|iPhoneSimulator.ActiveCfg = Release|Any CPU
		{A3E5072C-9F88-4842-BFFB-B85D135CBAE9}.Ad-Hoc|iPhoneSimulator.Build.0 = Release|Any CPU
		{A3E5072C-9F88-4842-BFFB-B85D135CBAE9}.Ad-Hoc|iPhoneSimulator.Deploy.0 = Release|Any CPU
		{A3E5072C-9F88-4842-BFFB-B85D135CBAE9}.Ad-Hoc|x64.ActiveCfg = Release|Any CPU
		{A3E5072C-9F88-4842-BFFB-B85D135CBAE9}.Ad-Hoc|x64.Build.0 = Release|Any CPU
		{A3E5072C-9F88-4842-BFFB-B85D135CBAE9}.Ad-Hoc|x64.Deploy.0 = Release|Any CPU
		{A3E5072C-9F88-4842-BFFB-B85D135CBAE9}.Ad-Hoc|x86.ActiveCfg = Release|Any CPU
		{A3E5072C-9F88-4842-BFFB-B85D135CBAE9}.Ad-Hoc|x86.Build.0 = Release|Any CPU
		{A3E5072C-9F88-4842-BFFB-B85D135CBAE9}.Ad-Hoc|x86.Deploy.0 = Release|Any CPU
		{A3E5072C-9F88-4842-BFFB-B85D135CBAE9}.AppStore|Any CPU.ActiveCfg = Release|Any CPU
		{A3E5072C-9F88-4842-BFFB-B85D135CBAE9}.AppStore|Any CPU.Build.0 = Release|Any CPU
		{A3E5072C-9F88-4842-BFFB-B85D135CBAE9}.AppStore|Any CPU.Deploy.0 = Release|Any CPU
		{A3E5072C-9F88-4842-BFFB-B85D135CBAE9}.AppStore|ARM.ActiveCfg = Release|Any CPU
		{A3E5072C-9F88-4842-BFFB-B85D135CBAE9}.AppStore|ARM.Build.0 = Release|Any CPU
		{A3E5072C-9F88-4842-BFFB-B85D135CBAE9}.AppStore|ARM.Deploy.0 = Release|Any CPU
		{A3E5072C-9F88-4842-BFFB-B85D135CBAE9}.AppStore|iPhone.ActiveCfg = Release|Any CPU
		{A3E5072C-9F88-4842-BFFB-B85D135CBAE9}.AppStore|iPhone.Build.0 = Release|Any CPU
		{A3E5072C-9F88-4842-BFFB-B85D135CBAE9}.AppStore|iPhone.Deploy.0 = Release|Any CPU
		{A3E5072C-9F88-4842-BFFB-B85D135CBAE9}.AppStore|iPhoneSimulator.ActiveCfg = Release|Any CPU
		{A3E5072C-9F88-4842-BFFB-B85D135CBAE9}.AppStore|iPhoneSimulator.Build.0 = Release|Any CPU
		{A3E5072C-9F88-4842-BFFB-B85D135CBAE9}.AppStore|iPhoneSimulator.Deploy.0 = Release|Any CPU
		{A3E5072C-9F88-4842-BFFB-B85D135CBAE9}.AppStore|x64.ActiveCfg = Release|Any CPU
		{A3E5072C-9F88-4842-BFFB-B85D135CBAE9}.AppStore|x64.Build.0 = Release|Any CPU
		{A3E5072C-9F88-4842-BFFB-B85D135CBAE9}.AppStore|x64.Deploy.0 = Release|Any CPU
		{A3E5072C-9F88-4842-BFFB-B85D135CBAE9}.AppStore|x86.ActiveCfg = Release|Any CPU
		{A3E5072C-9F88-4842-BFFB-B85D135CBAE9}.AppStore|x86.Build.0 = Release|Any CPU
		{A3E5072C-9F88-4842-BFFB-B85D135CBAE9}.AppStore|x86.Deploy.0 = Release|Any CPU
		{A3E5072C-9F88-4842-BFFB-B85D135CBAE9}.Debug|Any CPU.ActiveCfg = Debug|Any CPU
		{A3E5072C-9F88-4842-BFFB-B85D135CBAE9}.Debug|Any CPU.Build.0 = Debug|Any CPU
		{A3E5072C-9F88-4842-BFFB-B85D135CBAE9}.Debug|Any CPU.Deploy.0 = Debug|Any CPU
		{A3E5072C-9F88-4842-BFFB-B85D135CBAE9}.Debug|ARM.ActiveCfg = Debug|Any CPU
		{A3E5072C-9F88-4842-BFFB-B85D135CBAE9}.Debug|ARM.Build.0 = Debug|Any CPU
		{A3E5072C-9F88-4842-BFFB-B85D135CBAE9}.Debug|ARM.Deploy.0 = Debug|Any CPU
		{A3E5072C-9F88-4842-BFFB-B85D135CBAE9}.Debug|iPhone.ActiveCfg = Debug|Any CPU
		{A3E5072C-9F88-4842-BFFB-B85D135CBAE9}.Debug|iPhone.Build.0 = Debug|Any CPU
		{A3E5072C-9F88-4842-BFFB-B85D135CBAE9}.Debug|iPhone.Deploy.0 = Debug|Any CPU
		{A3E5072C-9F88-4842-BFFB-B85D135CBAE9}.Debug|iPhoneSimulator.ActiveCfg = Debug|Any CPU
		{A3E5072C-9F88-4842-BFFB-B85D135CBAE9}.Debug|iPhoneSimulator.Build.0 = Debug|Any CPU
		{A3E5072C-9F88-4842-BFFB-B85D135CBAE9}.Debug|iPhoneSimulator.Deploy.0 = Debug|Any CPU
		{A3E5072C-9F88-4842-BFFB-B85D135CBAE9}.Debug|x64.ActiveCfg = Debug|Any CPU
		{A3E5072C-9F88-4842-BFFB-B85D135CBAE9}.Debug|x64.Build.0 = Debug|Any CPU
		{A3E5072C-9F88-4842-BFFB-B85D135CBAE9}.Debug|x64.Deploy.0 = Debug|Any CPU
		{A3E5072C-9F88-4842-BFFB-B85D135CBAE9}.Debug|x86.ActiveCfg = Debug|Any CPU
		{A3E5072C-9F88-4842-BFFB-B85D135CBAE9}.Debug|x86.Build.0 = Debug|Any CPU
		{A3E5072C-9F88-4842-BFFB-B85D135CBAE9}.Debug|x86.Deploy.0 = Debug|Any CPU
		{A3E5072C-9F88-4842-BFFB-B85D135CBAE9}.Release|Any CPU.ActiveCfg = Release|Any CPU
		{A3E5072C-9F88-4842-BFFB-B85D135CBAE9}.Release|Any CPU.Build.0 = Release|Any CPU
		{A3E5072C-9F88-4842-BFFB-B85D135CBAE9}.Release|Any CPU.Deploy.0 = Release|Any CPU
		{A3E5072C-9F88-4842-BFFB-B85D135CBAE9}.Release|ARM.ActiveCfg = Release|Any CPU
		{A3E5072C-9F88-4842-BFFB-B85D135CBAE9}.Release|ARM.Build.0 = Release|Any CPU
		{A3E5072C-9F88-4842-BFFB-B85D135CBAE9}.Release|ARM.Deploy.0 = Release|Any CPU
		{A3E5072C-9F88-4842-BFFB-B85D135CBAE9}.Release|iPhone.ActiveCfg = Release|Any CPU
		{A3E5072C-9F88-4842-BFFB-B85D135CBAE9}.Release|iPhone.Build.0 = Release|Any CPU
		{A3E5072C-9F88-4842-BFFB-B85D135CBAE9}.Release|iPhone.Deploy.0 = Release|Any CPU
		{A3E5072C-9F88-4842-BFFB-B85D135CBAE9}.Release|iPhoneSimulator.ActiveCfg = Release|Any CPU
		{A3E5072C-9F88-4842-BFFB-B85D135CBAE9}.Release|iPhoneSimulator.Build.0 = Release|Any CPU
		{A3E5072C-9F88-4842-BFFB-B85D135CBAE9}.Release|iPhoneSimulator.Deploy.0 = Release|Any CPU
		{A3E5072C-9F88-4842-BFFB-B85D135CBAE9}.Release|x64.ActiveCfg = Release|Any CPU
		{A3E5072C-9F88-4842-BFFB-B85D135CBAE9}.Release|x64.Build.0 = Release|Any CPU
		{A3E5072C-9F88-4842-BFFB-B85D135CBAE9}.Release|x64.Deploy.0 = Release|Any CPU
		{A3E5072C-9F88-4842-BFFB-B85D135CBAE9}.Release|x86.ActiveCfg = Release|Any CPU
		{A3E5072C-9F88-4842-BFFB-B85D135CBAE9}.Release|x86.Build.0 = Release|Any CPU
		{A3E5072C-9F88-4842-BFFB-B85D135CBAE9}.Release|x86.Deploy.0 = Release|Any CPU
		{BE2695C1-2E18-4F6E-B1CF-28523E649EC7}.Ad-Hoc|Any CPU.ActiveCfg = Ad-Hoc|iPhone
		{BE2695C1-2E18-4F6E-B1CF-28523E649EC7}.Ad-Hoc|Any CPU.Build.0 = Ad-Hoc|iPhone
		{BE2695C1-2E18-4F6E-B1CF-28523E649EC7}.Ad-Hoc|Any CPU.Deploy.0 = Ad-Hoc|iPhone
		{BE2695C1-2E18-4F6E-B1CF-28523E649EC7}.Ad-Hoc|ARM.ActiveCfg = Ad-Hoc|iPhone
		{BE2695C1-2E18-4F6E-B1CF-28523E649EC7}.Ad-Hoc|ARM.Build.0 = Ad-Hoc|iPhone
		{BE2695C1-2E18-4F6E-B1CF-28523E649EC7}.Ad-Hoc|ARM.Deploy.0 = Ad-Hoc|iPhone
		{BE2695C1-2E18-4F6E-B1CF-28523E649EC7}.Ad-Hoc|iPhone.ActiveCfg = Ad-Hoc|iPhone
		{BE2695C1-2E18-4F6E-B1CF-28523E649EC7}.Ad-Hoc|iPhone.Build.0 = Ad-Hoc|iPhone
		{BE2695C1-2E18-4F6E-B1CF-28523E649EC7}.Ad-Hoc|iPhone.Deploy.0 = Ad-Hoc|iPhone
		{BE2695C1-2E18-4F6E-B1CF-28523E649EC7}.Ad-Hoc|iPhoneSimulator.ActiveCfg = Ad-Hoc|iPhoneSimulator
		{BE2695C1-2E18-4F6E-B1CF-28523E649EC7}.Ad-Hoc|iPhoneSimulator.Build.0 = Ad-Hoc|iPhoneSimulator
		{BE2695C1-2E18-4F6E-B1CF-28523E649EC7}.Ad-Hoc|iPhoneSimulator.Deploy.0 = Ad-Hoc|iPhoneSimulator
		{BE2695C1-2E18-4F6E-B1CF-28523E649EC7}.Ad-Hoc|x64.ActiveCfg = Ad-Hoc|iPhone
		{BE2695C1-2E18-4F6E-B1CF-28523E649EC7}.Ad-Hoc|x64.Build.0 = Ad-Hoc|iPhone
		{BE2695C1-2E18-4F6E-B1CF-28523E649EC7}.Ad-Hoc|x64.Deploy.0 = Ad-Hoc|iPhone
		{BE2695C1-2E18-4F6E-B1CF-28523E649EC7}.Ad-Hoc|x86.ActiveCfg = Ad-Hoc|iPhone
		{BE2695C1-2E18-4F6E-B1CF-28523E649EC7}.Ad-Hoc|x86.Build.0 = Ad-Hoc|iPhone
		{BE2695C1-2E18-4F6E-B1CF-28523E649EC7}.Ad-Hoc|x86.Deploy.0 = Ad-Hoc|iPhone
		{BE2695C1-2E18-4F6E-B1CF-28523E649EC7}.AppStore|Any CPU.ActiveCfg = AppStore|iPhone
		{BE2695C1-2E18-4F6E-B1CF-28523E649EC7}.AppStore|Any CPU.Build.0 = AppStore|iPhone
		{BE2695C1-2E18-4F6E-B1CF-28523E649EC7}.AppStore|Any CPU.Deploy.0 = AppStore|iPhone
		{BE2695C1-2E18-4F6E-B1CF-28523E649EC7}.AppStore|ARM.ActiveCfg = AppStore|iPhone
		{BE2695C1-2E18-4F6E-B1CF-28523E649EC7}.AppStore|ARM.Build.0 = AppStore|iPhone
		{BE2695C1-2E18-4F6E-B1CF-28523E649EC7}.AppStore|ARM.Deploy.0 = AppStore|iPhone
		{BE2695C1-2E18-4F6E-B1CF-28523E649EC7}.AppStore|iPhone.ActiveCfg = AppStore|iPhone
		{BE2695C1-2E18-4F6E-B1CF-28523E649EC7}.AppStore|iPhone.Build.0 = AppStore|iPhone
		{BE2695C1-2E18-4F6E-B1CF-28523E649EC7}.AppStore|iPhone.Deploy.0 = AppStore|iPhone
		{BE2695C1-2E18-4F6E-B1CF-28523E649EC7}.AppStore|iPhoneSimulator.ActiveCfg = AppStore|iPhoneSimulator
		{BE2695C1-2E18-4F6E-B1CF-28523E649EC7}.AppStore|iPhoneSimulator.Build.0 = AppStore|iPhoneSimulator
		{BE2695C1-2E18-4F6E-B1CF-28523E649EC7}.AppStore|iPhoneSimulator.Deploy.0 = AppStore|iPhoneSimulator
		{BE2695C1-2E18-4F6E-B1CF-28523E649EC7}.AppStore|x64.ActiveCfg = AppStore|iPhone
		{BE2695C1-2E18-4F6E-B1CF-28523E649EC7}.AppStore|x64.Build.0 = AppStore|iPhone
		{BE2695C1-2E18-4F6E-B1CF-28523E649EC7}.AppStore|x64.Deploy.0 = AppStore|iPhone
		{BE2695C1-2E18-4F6E-B1CF-28523E649EC7}.AppStore|x86.ActiveCfg = AppStore|iPhone
		{BE2695C1-2E18-4F6E-B1CF-28523E649EC7}.AppStore|x86.Build.0 = AppStore|iPhone
		{BE2695C1-2E18-4F6E-B1CF-28523E649EC7}.AppStore|x86.Deploy.0 = AppStore|iPhone
		{BE2695C1-2E18-4F6E-B1CF-28523E649EC7}.Debug|Any CPU.ActiveCfg = Debug|iPhoneSimulator
		{BE2695C1-2E18-4F6E-B1CF-28523E649EC7}.Debug|Any CPU.Build.0 = Debug|iPhoneSimulator
		{BE2695C1-2E18-4F6E-B1CF-28523E649EC7}.Debug|Any CPU.Deploy.0 = Debug|iPhoneSimulator
		{BE2695C1-2E18-4F6E-B1CF-28523E649EC7}.Debug|ARM.ActiveCfg = Debug|iPhone
		{BE2695C1-2E18-4F6E-B1CF-28523E649EC7}.Debug|ARM.Build.0 = Debug|iPhone
		{BE2695C1-2E18-4F6E-B1CF-28523E649EC7}.Debug|ARM.Deploy.0 = Debug|iPhone
		{BE2695C1-2E18-4F6E-B1CF-28523E649EC7}.Debug|iPhone.ActiveCfg = Debug|iPhone
		{BE2695C1-2E18-4F6E-B1CF-28523E649EC7}.Debug|iPhone.Build.0 = Debug|iPhone
		{BE2695C1-2E18-4F6E-B1CF-28523E649EC7}.Debug|iPhone.Deploy.0 = Debug|iPhone
		{BE2695C1-2E18-4F6E-B1CF-28523E649EC7}.Debug|iPhoneSimulator.ActiveCfg = Debug|iPhoneSimulator
		{BE2695C1-2E18-4F6E-B1CF-28523E649EC7}.Debug|iPhoneSimulator.Build.0 = Debug|iPhoneSimulator
		{BE2695C1-2E18-4F6E-B1CF-28523E649EC7}.Debug|iPhoneSimulator.Deploy.0 = Debug|iPhoneSimulator
		{BE2695C1-2E18-4F6E-B1CF-28523E649EC7}.Debug|x64.ActiveCfg = Debug|iPhone
		{BE2695C1-2E18-4F6E-B1CF-28523E649EC7}.Debug|x64.Build.0 = Debug|iPhone
		{BE2695C1-2E18-4F6E-B1CF-28523E649EC7}.Debug|x64.Deploy.0 = Debug|iPhone
		{BE2695C1-2E18-4F6E-B1CF-28523E649EC7}.Debug|x86.ActiveCfg = Debug|iPhone
		{BE2695C1-2E18-4F6E-B1CF-28523E649EC7}.Debug|x86.Build.0 = Debug|iPhone
		{BE2695C1-2E18-4F6E-B1CF-28523E649EC7}.Debug|x86.Deploy.0 = Debug|iPhone
		{BE2695C1-2E18-4F6E-B1CF-28523E649EC7}.Release|Any CPU.ActiveCfg = Release|iPhone
		{BE2695C1-2E18-4F6E-B1CF-28523E649EC7}.Release|Any CPU.Build.0 = Release|iPhone
		{BE2695C1-2E18-4F6E-B1CF-28523E649EC7}.Release|Any CPU.Deploy.0 = Release|iPhone
		{BE2695C1-2E18-4F6E-B1CF-28523E649EC7}.Release|ARM.ActiveCfg = Release|iPhone
		{BE2695C1-2E18-4F6E-B1CF-28523E649EC7}.Release|ARM.Build.0 = Release|iPhone
		{BE2695C1-2E18-4F6E-B1CF-28523E649EC7}.Release|ARM.Deploy.0 = Release|iPhone
		{BE2695C1-2E18-4F6E-B1CF-28523E649EC7}.Release|iPhone.ActiveCfg = Release|iPhone
		{BE2695C1-2E18-4F6E-B1CF-28523E649EC7}.Release|iPhone.Build.0 = Release|iPhone
		{BE2695C1-2E18-4F6E-B1CF-28523E649EC7}.Release|iPhone.Deploy.0 = Release|iPhone
		{BE2695C1-2E18-4F6E-B1CF-28523E649EC7}.Release|iPhoneSimulator.ActiveCfg = Release|iPhoneSimulator
		{BE2695C1-2E18-4F6E-B1CF-28523E649EC7}.Release|iPhoneSimulator.Build.0 = Release|iPhoneSimulator
		{BE2695C1-2E18-4F6E-B1CF-28523E649EC7}.Release|iPhoneSimulator.Deploy.0 = Release|iPhoneSimulator
		{BE2695C1-2E18-4F6E-B1CF-28523E649EC7}.Release|x64.ActiveCfg = Release|iPhone
		{BE2695C1-2E18-4F6E-B1CF-28523E649EC7}.Release|x64.Build.0 = Release|iPhone
		{BE2695C1-2E18-4F6E-B1CF-28523E649EC7}.Release|x64.Deploy.0 = Release|iPhone
		{BE2695C1-2E18-4F6E-B1CF-28523E649EC7}.Release|x86.ActiveCfg = Release|iPhone
		{BE2695C1-2E18-4F6E-B1CF-28523E649EC7}.Release|x86.Build.0 = Release|iPhone
		{BE2695C1-2E18-4F6E-B1CF-28523E649EC7}.Release|x86.Deploy.0 = Release|iPhone
		{BE1AB391-0382-4672-9A60-EC15F82D6081}.Ad-Hoc|Any CPU.ActiveCfg = Release|x86
		{BE1AB391-0382-4672-9A60-EC15F82D6081}.Ad-Hoc|Any CPU.Build.0 = Release|x86
		{BE1AB391-0382-4672-9A60-EC15F82D6081}.Ad-Hoc|Any CPU.Deploy.0 = Release|x86
		{BE1AB391-0382-4672-9A60-EC15F82D6081}.Ad-Hoc|ARM.ActiveCfg = Release|ARM
		{BE1AB391-0382-4672-9A60-EC15F82D6081}.Ad-Hoc|ARM.Build.0 = Release|ARM
		{BE1AB391-0382-4672-9A60-EC15F82D6081}.Ad-Hoc|ARM.Deploy.0 = Release|ARM
		{BE1AB391-0382-4672-9A60-EC15F82D6081}.Ad-Hoc|iPhone.ActiveCfg = Release|x86
		{BE1AB391-0382-4672-9A60-EC15F82D6081}.Ad-Hoc|iPhone.Build.0 = Release|x86
		{BE1AB391-0382-4672-9A60-EC15F82D6081}.Ad-Hoc|iPhone.Deploy.0 = Release|x86
		{BE1AB391-0382-4672-9A60-EC15F82D6081}.Ad-Hoc|iPhoneSimulator.ActiveCfg = Release|x86
		{BE1AB391-0382-4672-9A60-EC15F82D6081}.Ad-Hoc|iPhoneSimulator.Build.0 = Release|x86
		{BE1AB391-0382-4672-9A60-EC15F82D6081}.Ad-Hoc|iPhoneSimulator.Deploy.0 = Release|x86
		{BE1AB391-0382-4672-9A60-EC15F82D6081}.Ad-Hoc|x64.ActiveCfg = Release|x64
		{BE1AB391-0382-4672-9A60-EC15F82D6081}.Ad-Hoc|x64.Build.0 = Release|x64
		{BE1AB391-0382-4672-9A60-EC15F82D6081}.Ad-Hoc|x64.Deploy.0 = Release|x64
		{BE1AB391-0382-4672-9A60-EC15F82D6081}.Ad-Hoc|x86.ActiveCfg = Release|x86
		{BE1AB391-0382-4672-9A60-EC15F82D6081}.Ad-Hoc|x86.Build.0 = Release|x86
		{BE1AB391-0382-4672-9A60-EC15F82D6081}.Ad-Hoc|x86.Deploy.0 = Release|x86
		{BE1AB391-0382-4672-9A60-EC15F82D6081}.AppStore|Any CPU.ActiveCfg = Release|x86
		{BE1AB391-0382-4672-9A60-EC15F82D6081}.AppStore|Any CPU.Build.0 = Release|x86
		{BE1AB391-0382-4672-9A60-EC15F82D6081}.AppStore|Any CPU.Deploy.0 = Release|x86
		{BE1AB391-0382-4672-9A60-EC15F82D6081}.AppStore|ARM.ActiveCfg = Release|ARM
		{BE1AB391-0382-4672-9A60-EC15F82D6081}.AppStore|ARM.Build.0 = Release|ARM
		{BE1AB391-0382-4672-9A60-EC15F82D6081}.AppStore|ARM.Deploy.0 = Release|ARM
		{BE1AB391-0382-4672-9A60-EC15F82D6081}.AppStore|iPhone.ActiveCfg = Release|x86
		{BE1AB391-0382-4672-9A60-EC15F82D6081}.AppStore|iPhone.Build.0 = Release|x86
		{BE1AB391-0382-4672-9A60-EC15F82D6081}.AppStore|iPhone.Deploy.0 = Release|x86
		{BE1AB391-0382-4672-9A60-EC15F82D6081}.AppStore|iPhoneSimulator.ActiveCfg = Release|x86
		{BE1AB391-0382-4672-9A60-EC15F82D6081}.AppStore|iPhoneSimulator.Build.0 = Release|x86
		{BE1AB391-0382-4672-9A60-EC15F82D6081}.AppStore|iPhoneSimulator.Deploy.0 = Release|x86
		{BE1AB391-0382-4672-9A60-EC15F82D6081}.AppStore|x64.ActiveCfg = Release|x64
		{BE1AB391-0382-4672-9A60-EC15F82D6081}.AppStore|x64.Build.0 = Release|x64
		{BE1AB391-0382-4672-9A60-EC15F82D6081}.AppStore|x64.Deploy.0 = Release|x64
		{BE1AB391-0382-4672-9A60-EC15F82D6081}.AppStore|x86.ActiveCfg = Release|x86
		{BE1AB391-0382-4672-9A60-EC15F82D6081}.AppStore|x86.Build.0 = Release|x86
		{BE1AB391-0382-4672-9A60-EC15F82D6081}.AppStore|x86.Deploy.0 = Release|x86
		{BE1AB391-0382-4672-9A60-EC15F82D6081}.Debug|Any CPU.ActiveCfg = Debug|x86
		{BE1AB391-0382-4672-9A60-EC15F82D6081}.Debug|Any CPU.Build.0 = Debug|x86
		{BE1AB391-0382-4672-9A60-EC15F82D6081}.Debug|Any CPU.Deploy.0 = Debug|x86
		{BE1AB391-0382-4672-9A60-EC15F82D6081}.Debug|ARM.ActiveCfg = Debug|ARM
		{BE1AB391-0382-4672-9A60-EC15F82D6081}.Debug|ARM.Build.0 = Debug|ARM
		{BE1AB391-0382-4672-9A60-EC15F82D6081}.Debug|ARM.Deploy.0 = Debug|ARM
		{BE1AB391-0382-4672-9A60-EC15F82D6081}.Debug|iPhone.ActiveCfg = Debug|x86
		{BE1AB391-0382-4672-9A60-EC15F82D6081}.Debug|iPhone.Build.0 = Debug|x86
		{BE1AB391-0382-4672-9A60-EC15F82D6081}.Debug|iPhone.Deploy.0 = Debug|x86
		{BE1AB391-0382-4672-9A60-EC15F82D6081}.Debug|iPhoneSimulator.ActiveCfg = Debug|x86
		{BE1AB391-0382-4672-9A60-EC15F82D6081}.Debug|iPhoneSimulator.Build.0 = Debug|x86
		{BE1AB391-0382-4672-9A60-EC15F82D6081}.Debug|iPhoneSimulator.Deploy.0 = Debug|x86
		{BE1AB391-0382-4672-9A60-EC15F82D6081}.Debug|x64.ActiveCfg = Debug|x64
		{BE1AB391-0382-4672-9A60-EC15F82D6081}.Debug|x64.Build.0 = Debug|x64
		{BE1AB391-0382-4672-9A60-EC15F82D6081}.Debug|x64.Deploy.0 = Debug|x64
		{BE1AB391-0382-4672-9A60-EC15F82D6081}.Debug|x86.ActiveCfg = Debug|x86
		{BE1AB391-0382-4672-9A60-EC15F82D6081}.Debug|x86.Build.0 = Debug|x86
		{BE1AB391-0382-4672-9A60-EC15F82D6081}.Debug|x86.Deploy.0 = Debug|x86
		{BE1AB391-0382-4672-9A60-EC15F82D6081}.Release|Any CPU.ActiveCfg = Release|x86
		{BE1AB391-0382-4672-9A60-EC15F82D6081}.Release|Any CPU.Build.0 = Release|x86
		{BE1AB391-0382-4672-9A60-EC15F82D6081}.Release|Any CPU.Deploy.0 = Release|x86
		{BE1AB391-0382-4672-9A60-EC15F82D6081}.Release|ARM.ActiveCfg = Release|ARM
		{BE1AB391-0382-4672-9A60-EC15F82D6081}.Release|ARM.Build.0 = Release|ARM
		{BE1AB391-0382-4672-9A60-EC15F82D6081}.Release|ARM.Deploy.0 = Release|ARM
		{BE1AB391-0382-4672-9A60-EC15F82D6081}.Release|iPhone.ActiveCfg = Release|x86
		{BE1AB391-0382-4672-9A60-EC15F82D6081}.Release|iPhone.Build.0 = Release|x86
		{BE1AB391-0382-4672-9A60-EC15F82D6081}.Release|iPhone.Deploy.0 = Release|x86
		{BE1AB391-0382-4672-9A60-EC15F82D6081}.Release|iPhoneSimulator.ActiveCfg = Release|x86
		{BE1AB391-0382-4672-9A60-EC15F82D6081}.Release|iPhoneSimulator.Build.0 = Release|x86
		{BE1AB391-0382-4672-9A60-EC15F82D6081}.Release|iPhoneSimulator.Deploy.0 = Release|x86
		{BE1AB391-0382-4672-9A60-EC15F82D6081}.Release|x64.ActiveCfg = Release|x64
		{BE1AB391-0382-4672-9A60-EC15F82D6081}.Release|x64.Build.0 = Release|x64
		{BE1AB391-0382-4672-9A60-EC15F82D6081}.Release|x64.Deploy.0 = Release|x64
		{BE1AB391-0382-4672-9A60-EC15F82D6081}.Release|x86.ActiveCfg = Release|x86
		{BE1AB391-0382-4672-9A60-EC15F82D6081}.Release|x86.Build.0 = Release|x86
		{BE1AB391-0382-4672-9A60-EC15F82D6081}.Release|x86.Deploy.0 = Release|x86
		{A13E3E55-B738-4894-AD58-35C6F498214B}.Ad-Hoc|Any CPU.ActiveCfg = Debug|Any CPU
		{A13E3E55-B738-4894-AD58-35C6F498214B}.Ad-Hoc|Any CPU.Build.0 = Debug|Any CPU
		{A13E3E55-B738-4894-AD58-35C6F498214B}.Ad-Hoc|Any CPU.Deploy.0 = Debug|Any CPU
		{A13E3E55-B738-4894-AD58-35C6F498214B}.Ad-Hoc|ARM.ActiveCfg = Debug|Any CPU
		{A13E3E55-B738-4894-AD58-35C6F498214B}.Ad-Hoc|ARM.Build.0 = Debug|Any CPU
		{A13E3E55-B738-4894-AD58-35C6F498214B}.Ad-Hoc|ARM.Deploy.0 = Debug|Any CPU
		{A13E3E55-B738-4894-AD58-35C6F498214B}.Ad-Hoc|iPhone.ActiveCfg = Debug|Any CPU
		{A13E3E55-B738-4894-AD58-35C6F498214B}.Ad-Hoc|iPhone.Build.0 = Debug|Any CPU
		{A13E3E55-B738-4894-AD58-35C6F498214B}.Ad-Hoc|iPhone.Deploy.0 = Debug|Any CPU
		{A13E3E55-B738-4894-AD58-35C6F498214B}.Ad-Hoc|iPhoneSimulator.ActiveCfg = Debug|Any CPU
		{A13E3E55-B738-4894-AD58-35C6F498214B}.Ad-Hoc|iPhoneSimulator.Build.0 = Debug|Any CPU
		{A13E3E55-B738-4894-AD58-35C6F498214B}.Ad-Hoc|iPhoneSimulator.Deploy.0 = Debug|Any CPU
		{A13E3E55-B738-4894-AD58-35C6F498214B}.Ad-Hoc|x64.ActiveCfg = Debug|Any CPU
		{A13E3E55-B738-4894-AD58-35C6F498214B}.Ad-Hoc|x64.Build.0 = Debug|Any CPU
		{A13E3E55-B738-4894-AD58-35C6F498214B}.Ad-Hoc|x64.Deploy.0 = Debug|Any CPU
		{A13E3E55-B738-4894-AD58-35C6F498214B}.Ad-Hoc|x86.ActiveCfg = Debug|Any CPU
		{A13E3E55-B738-4894-AD58-35C6F498214B}.Ad-Hoc|x86.Build.0 = Debug|Any CPU
		{A13E3E55-B738-4894-AD58-35C6F498214B}.Ad-Hoc|x86.Deploy.0 = Debug|Any CPU
		{A13E3E55-B738-4894-AD58-35C6F498214B}.AppStore|Any CPU.ActiveCfg = Debug|Any CPU
		{A13E3E55-B738-4894-AD58-35C6F498214B}.AppStore|Any CPU.Build.0 = Debug|Any CPU
		{A13E3E55-B738-4894-AD58-35C6F498214B}.AppStore|Any CPU.Deploy.0 = Debug|Any CPU
		{A13E3E55-B738-4894-AD58-35C6F498214B}.AppStore|ARM.ActiveCfg = Debug|Any CPU
		{A13E3E55-B738-4894-AD58-35C6F498214B}.AppStore|ARM.Build.0 = Debug|Any CPU
		{A13E3E55-B738-4894-AD58-35C6F498214B}.AppStore|ARM.Deploy.0 = Debug|Any CPU
		{A13E3E55-B738-4894-AD58-35C6F498214B}.AppStore|iPhone.ActiveCfg = Debug|Any CPU
		{A13E3E55-B738-4894-AD58-35C6F498214B}.AppStore|iPhone.Build.0 = Debug|Any CPU
		{A13E3E55-B738-4894-AD58-35C6F498214B}.AppStore|iPhone.Deploy.0 = Debug|Any CPU
		{A13E3E55-B738-4894-AD58-35C6F498214B}.AppStore|iPhoneSimulator.ActiveCfg = Debug|Any CPU
		{A13E3E55-B738-4894-AD58-35C6F498214B}.AppStore|iPhoneSimulator.Build.0 = Debug|Any CPU
		{A13E3E55-B738-4894-AD58-35C6F498214B}.AppStore|iPhoneSimulator.Deploy.0 = Debug|Any CPU
		{A13E3E55-B738-4894-AD58-35C6F498214B}.AppStore|x64.ActiveCfg = Debug|Any CPU
		{A13E3E55-B738-4894-AD58-35C6F498214B}.AppStore|x64.Build.0 = Debug|Any CPU
		{A13E3E55-B738-4894-AD58-35C6F498214B}.AppStore|x64.Deploy.0 = Debug|Any CPU
		{A13E3E55-B738-4894-AD58-35C6F498214B}.AppStore|x86.ActiveCfg = Debug|Any CPU
		{A13E3E55-B738-4894-AD58-35C6F498214B}.AppStore|x86.Build.0 = Debug|Any CPU
		{A13E3E55-B738-4894-AD58-35C6F498214B}.AppStore|x86.Deploy.0 = Debug|Any CPU
		{A13E3E55-B738-4894-AD58-35C6F498214B}.Debug|Any CPU.ActiveCfg = Debug|Any CPU
		{A13E3E55-B738-4894-AD58-35C6F498214B}.Debug|Any CPU.Build.0 = Debug|Any CPU
		{A13E3E55-B738-4894-AD58-35C6F498214B}.Debug|Any CPU.Deploy.0 = Debug|Any CPU
		{A13E3E55-B738-4894-AD58-35C6F498214B}.Debug|ARM.ActiveCfg = Debug|Any CPU
		{A13E3E55-B738-4894-AD58-35C6F498214B}.Debug|ARM.Build.0 = Debug|Any CPU
		{A13E3E55-B738-4894-AD58-35C6F498214B}.Debug|ARM.Deploy.0 = Debug|Any CPU
		{A13E3E55-B738-4894-AD58-35C6F498214B}.Debug|iPhone.ActiveCfg = Debug|Any CPU
		{A13E3E55-B738-4894-AD58-35C6F498214B}.Debug|iPhone.Build.0 = Debug|Any CPU
		{A13E3E55-B738-4894-AD58-35C6F498214B}.Debug|iPhone.Deploy.0 = Debug|Any CPU
		{A13E3E55-B738-4894-AD58-35C6F498214B}.Debug|iPhoneSimulator.ActiveCfg = Debug|Any CPU
		{A13E3E55-B738-4894-AD58-35C6F498214B}.Debug|iPhoneSimulator.Build.0 = Debug|Any CPU
		{A13E3E55-B738-4894-AD58-35C6F498214B}.Debug|iPhoneSimulator.Deploy.0 = Debug|Any CPU
		{A13E3E55-B738-4894-AD58-35C6F498214B}.Debug|x64.ActiveCfg = Debug|Any CPU
		{A13E3E55-B738-4894-AD58-35C6F498214B}.Debug|x64.Build.0 = Debug|Any CPU
		{A13E3E55-B738-4894-AD58-35C6F498214B}.Debug|x64.Deploy.0 = Debug|Any CPU
		{A13E3E55-B738-4894-AD58-35C6F498214B}.Debug|x86.ActiveCfg = Debug|Any CPU
		{A13E3E55-B738-4894-AD58-35C6F498214B}.Debug|x86.Build.0 = Debug|Any CPU
		{A13E3E55-B738-4894-AD58-35C6F498214B}.Debug|x86.Deploy.0 = Debug|Any CPU
		{A13E3E55-B738-4894-AD58-35C6F498214B}.Release|Any CPU.ActiveCfg = Release|Any CPU
		{A13E3E55-B738-4894-AD58-35C6F498214B}.Release|Any CPU.Build.0 = Release|Any CPU
		{A13E3E55-B738-4894-AD58-35C6F498214B}.Release|Any CPU.Deploy.0 = Release|Any CPU
		{A13E3E55-B738-4894-AD58-35C6F498214B}.Release|ARM.ActiveCfg = Release|Any CPU
		{A13E3E55-B738-4894-AD58-35C6F498214B}.Release|ARM.Build.0 = Release|Any CPU
		{A13E3E55-B738-4894-AD58-35C6F498214B}.Release|ARM.Deploy.0 = Release|Any CPU
		{A13E3E55-B738-4894-AD58-35C6F498214B}.Release|iPhone.ActiveCfg = Release|Any CPU
		{A13E3E55-B738-4894-AD58-35C6F498214B}.Release|iPhone.Build.0 = Release|Any CPU
		{A13E3E55-B738-4894-AD58-35C6F498214B}.Release|iPhone.Deploy.0 = Release|Any CPU
		{A13E3E55-B738-4894-AD58-35C6F498214B}.Release|iPhoneSimulator.ActiveCfg = Release|Any CPU
		{A13E3E55-B738-4894-AD58-35C6F498214B}.Release|iPhoneSimulator.Build.0 = Release|Any CPU
		{A13E3E55-B738-4894-AD58-35C6F498214B}.Release|iPhoneSimulator.Deploy.0 = Release|Any CPU
		{A13E3E55-B738-4894-AD58-35C6F498214B}.Release|x64.ActiveCfg = Release|Any CPU
		{A13E3E55-B738-4894-AD58-35C6F498214B}.Release|x64.Build.0 = Release|Any CPU
		{A13E3E55-B738-4894-AD58-35C6F498214B}.Release|x64.Deploy.0 = Release|Any CPU
		{A13E3E55-B738-4894-AD58-35C6F498214B}.Release|x86.ActiveCfg = Release|Any CPU
		{A13E3E55-B738-4894-AD58-35C6F498214B}.Release|x86.Build.0 = Release|Any CPU
		{A13E3E55-B738-4894-AD58-35C6F498214B}.Release|x86.Deploy.0 = Release|Any CPU
		{D3C78694-3FB4-4BB0-82E0-93D52D936F70}.Ad-Hoc|Any CPU.ActiveCfg = Release|Any CPU
		{D3C78694-3FB4-4BB0-82E0-93D52D936F70}.Ad-Hoc|Any CPU.Build.0 = Release|Any CPU
		{D3C78694-3FB4-4BB0-82E0-93D52D936F70}.Ad-Hoc|ARM.ActiveCfg = Release|Any CPU
		{D3C78694-3FB4-4BB0-82E0-93D52D936F70}.Ad-Hoc|ARM.Build.0 = Release|Any CPU
		{D3C78694-3FB4-4BB0-82E0-93D52D936F70}.Ad-Hoc|iPhone.ActiveCfg = Release|Any CPU
		{D3C78694-3FB4-4BB0-82E0-93D52D936F70}.Ad-Hoc|iPhone.Build.0 = Release|Any CPU
		{D3C78694-3FB4-4BB0-82E0-93D52D936F70}.Ad-Hoc|iPhoneSimulator.ActiveCfg = Release|Any CPU
		{D3C78694-3FB4-4BB0-82E0-93D52D936F70}.Ad-Hoc|iPhoneSimulator.Build.0 = Release|Any CPU
		{D3C78694-3FB4-4BB0-82E0-93D52D936F70}.Ad-Hoc|x64.ActiveCfg = Release|Any CPU
		{D3C78694-3FB4-4BB0-82E0-93D52D936F70}.Ad-Hoc|x64.Build.0 = Release|Any CPU
		{D3C78694-3FB4-4BB0-82E0-93D52D936F70}.Ad-Hoc|x86.ActiveCfg = Release|Any CPU
		{D3C78694-3FB4-4BB0-82E0-93D52D936F70}.Ad-Hoc|x86.Build.0 = Release|Any CPU
		{D3C78694-3FB4-4BB0-82E0-93D52D936F70}.AppStore|Any CPU.ActiveCfg = Release|Any CPU
		{D3C78694-3FB4-4BB0-82E0-93D52D936F70}.AppStore|Any CPU.Build.0 = Release|Any CPU
		{D3C78694-3FB4-4BB0-82E0-93D52D936F70}.AppStore|ARM.ActiveCfg = Release|Any CPU
		{D3C78694-3FB4-4BB0-82E0-93D52D936F70}.AppStore|ARM.Build.0 = Release|Any CPU
		{D3C78694-3FB4-4BB0-82E0-93D52D936F70}.AppStore|iPhone.ActiveCfg = Release|Any CPU
		{D3C78694-3FB4-4BB0-82E0-93D52D936F70}.AppStore|iPhone.Build.0 = Release|Any CPU
		{D3C78694-3FB4-4BB0-82E0-93D52D936F70}.AppStore|iPhoneSimulator.ActiveCfg = Release|Any CPU
		{D3C78694-3FB4-4BB0-82E0-93D52D936F70}.AppStore|iPhoneSimulator.Build.0 = Release|Any CPU
		{D3C78694-3FB4-4BB0-82E0-93D52D936F70}.AppStore|x64.ActiveCfg = Release|Any CPU
		{D3C78694-3FB4-4BB0-82E0-93D52D936F70}.AppStore|x64.Build.0 = Release|Any CPU
		{D3C78694-3FB4-4BB0-82E0-93D52D936F70}.AppStore|x86.ActiveCfg = Release|Any CPU
		{D3C78694-3FB4-4BB0-82E0-93D52D936F70}.AppStore|x86.Build.0 = Release|Any CPU
		{D3C78694-3FB4-4BB0-82E0-93D52D936F70}.Debug|Any CPU.ActiveCfg = Debug|Any CPU
		{D3C78694-3FB4-4BB0-82E0-93D52D936F70}.Debug|Any CPU.Build.0 = Debug|Any CPU
		{D3C78694-3FB4-4BB0-82E0-93D52D936F70}.Debug|ARM.ActiveCfg = Debug|Any CPU
		{D3C78694-3FB4-4BB0-82E0-93D52D936F70}.Debug|ARM.Build.0 = Debug|Any CPU
		{D3C78694-3FB4-4BB0-82E0-93D52D936F70}.Debug|iPhone.ActiveCfg = Debug|Any CPU
		{D3C78694-3FB4-4BB0-82E0-93D52D936F70}.Debug|iPhone.Build.0 = Debug|Any CPU
		{D3C78694-3FB4-4BB0-82E0-93D52D936F70}.Debug|iPhoneSimulator.ActiveCfg = Debug|Any CPU
		{D3C78694-3FB4-4BB0-82E0-93D52D936F70}.Debug|iPhoneSimulator.Build.0 = Debug|Any CPU
		{D3C78694-3FB4-4BB0-82E0-93D52D936F70}.Debug|x64.ActiveCfg = Debug|Any CPU
		{D3C78694-3FB4-4BB0-82E0-93D52D936F70}.Debug|x64.Build.0 = Debug|Any CPU
		{D3C78694-3FB4-4BB0-82E0-93D52D936F70}.Debug|x86.ActiveCfg = Debug|Any CPU
		{D3C78694-3FB4-4BB0-82E0-93D52D936F70}.Debug|x86.Build.0 = Debug|Any CPU
		{D3C78694-3FB4-4BB0-82E0-93D52D936F70}.Release|Any CPU.ActiveCfg = Release|Any CPU
		{D3C78694-3FB4-4BB0-82E0-93D52D936F70}.Release|Any CPU.Build.0 = Release|Any CPU
		{D3C78694-3FB4-4BB0-82E0-93D52D936F70}.Release|ARM.ActiveCfg = Release|Any CPU
		{D3C78694-3FB4-4BB0-82E0-93D52D936F70}.Release|ARM.Build.0 = Release|Any CPU
		{D3C78694-3FB4-4BB0-82E0-93D52D936F70}.Release|iPhone.ActiveCfg = Release|Any CPU
		{D3C78694-3FB4-4BB0-82E0-93D52D936F70}.Release|iPhone.Build.0 = Release|Any CPU
		{D3C78694-3FB4-4BB0-82E0-93D52D936F70}.Release|iPhoneSimulator.ActiveCfg = Release|Any CPU
		{D3C78694-3FB4-4BB0-82E0-93D52D936F70}.Release|iPhoneSimulator.Build.0 = Release|Any CPU
		{D3C78694-3FB4-4BB0-82E0-93D52D936F70}.Release|x64.ActiveCfg = Release|Any CPU
		{D3C78694-3FB4-4BB0-82E0-93D52D936F70}.Release|x64.Build.0 = Release|Any CPU
		{D3C78694-3FB4-4BB0-82E0-93D52D936F70}.Release|x86.ActiveCfg = Release|Any CPU
		{D3C78694-3FB4-4BB0-82E0-93D52D936F70}.Release|x86.Build.0 = Release|Any CPU
		{506732ED-08D8-4D0D-AB23-D758FA165C00}.Ad-Hoc|Any CPU.ActiveCfg = Release|Any CPU
		{506732ED-08D8-4D0D-AB23-D758FA165C00}.Ad-Hoc|Any CPU.Build.0 = Release|Any CPU
		{506732ED-08D8-4D0D-AB23-D758FA165C00}.Ad-Hoc|ARM.ActiveCfg = Release|Any CPU
		{506732ED-08D8-4D0D-AB23-D758FA165C00}.Ad-Hoc|ARM.Build.0 = Release|Any CPU
		{506732ED-08D8-4D0D-AB23-D758FA165C00}.Ad-Hoc|iPhone.ActiveCfg = Release|Any CPU
		{506732ED-08D8-4D0D-AB23-D758FA165C00}.Ad-Hoc|iPhone.Build.0 = Release|Any CPU
		{506732ED-08D8-4D0D-AB23-D758FA165C00}.Ad-Hoc|iPhoneSimulator.ActiveCfg = Release|Any CPU
		{506732ED-08D8-4D0D-AB23-D758FA165C00}.Ad-Hoc|iPhoneSimulator.Build.0 = Release|Any CPU
		{506732ED-08D8-4D0D-AB23-D758FA165C00}.Ad-Hoc|x64.ActiveCfg = Release|Any CPU
		{506732ED-08D8-4D0D-AB23-D758FA165C00}.Ad-Hoc|x64.Build.0 = Release|Any CPU
		{506732ED-08D8-4D0D-AB23-D758FA165C00}.Ad-Hoc|x86.ActiveCfg = Release|Any CPU
		{506732ED-08D8-4D0D-AB23-D758FA165C00}.Ad-Hoc|x86.Build.0 = Release|Any CPU
		{506732ED-08D8-4D0D-AB23-D758FA165C00}.AppStore|Any CPU.ActiveCfg = Release|Any CPU
		{506732ED-08D8-4D0D-AB23-D758FA165C00}.AppStore|Any CPU.Build.0 = Release|Any CPU
		{506732ED-08D8-4D0D-AB23-D758FA165C00}.AppStore|ARM.ActiveCfg = Release|Any CPU
		{506732ED-08D8-4D0D-AB23-D758FA165C00}.AppStore|ARM.Build.0 = Release|Any CPU
		{506732ED-08D8-4D0D-AB23-D758FA165C00}.AppStore|iPhone.ActiveCfg = Release|Any CPU
		{506732ED-08D8-4D0D-AB23-D758FA165C00}.AppStore|iPhone.Build.0 = Release|Any CPU
		{506732ED-08D8-4D0D-AB23-D758FA165C00}.AppStore|iPhoneSimulator.ActiveCfg = Release|Any CPU
		{506732ED-08D8-4D0D-AB23-D758FA165C00}.AppStore|iPhoneSimulator.Build.0 = Release|Any CPU
		{506732ED-08D8-4D0D-AB23-D758FA165C00}.AppStore|x64.ActiveCfg = Release|Any CPU
		{506732ED-08D8-4D0D-AB23-D758FA165C00}.AppStore|x64.Build.0 = Release|Any CPU
		{506732ED-08D8-4D0D-AB23-D758FA165C00}.AppStore|x86.ActiveCfg = Release|Any CPU
		{506732ED-08D8-4D0D-AB23-D758FA165C00}.AppStore|x86.Build.0 = Release|Any CPU
		{506732ED-08D8-4D0D-AB23-D758FA165C00}.Debug|Any CPU.ActiveCfg = Debug|Any CPU
		{506732ED-08D8-4D0D-AB23-D758FA165C00}.Debug|Any CPU.Build.0 = Debug|Any CPU
		{506732ED-08D8-4D0D-AB23-D758FA165C00}.Debug|ARM.ActiveCfg = Debug|Any CPU
		{506732ED-08D8-4D0D-AB23-D758FA165C00}.Debug|ARM.Build.0 = Debug|Any CPU
		{506732ED-08D8-4D0D-AB23-D758FA165C00}.Debug|iPhone.ActiveCfg = Debug|Any CPU
		{506732ED-08D8-4D0D-AB23-D758FA165C00}.Debug|iPhone.Build.0 = Debug|Any CPU
		{506732ED-08D8-4D0D-AB23-D758FA165C00}.Debug|iPhoneSimulator.ActiveCfg = Debug|Any CPU
		{506732ED-08D8-4D0D-AB23-D758FA165C00}.Debug|iPhoneSimulator.Build.0 = Debug|Any CPU
		{506732ED-08D8-4D0D-AB23-D758FA165C00}.Debug|x64.ActiveCfg = Debug|Any CPU
		{506732ED-08D8-4D0D-AB23-D758FA165C00}.Debug|x64.Build.0 = Debug|Any CPU
		{506732ED-08D8-4D0D-AB23-D758FA165C00}.Debug|x86.ActiveCfg = Debug|Any CPU
		{506732ED-08D8-4D0D-AB23-D758FA165C00}.Debug|x86.Build.0 = Debug|Any CPU
		{506732ED-08D8-4D0D-AB23-D758FA165C00}.Release|Any CPU.ActiveCfg = Release|Any CPU
		{506732ED-08D8-4D0D-AB23-D758FA165C00}.Release|Any CPU.Build.0 = Release|Any CPU
		{506732ED-08D8-4D0D-AB23-D758FA165C00}.Release|ARM.ActiveCfg = Release|Any CPU
		{506732ED-08D8-4D0D-AB23-D758FA165C00}.Release|ARM.Build.0 = Release|Any CPU
		{506732ED-08D8-4D0D-AB23-D758FA165C00}.Release|iPhone.ActiveCfg = Release|Any CPU
		{506732ED-08D8-4D0D-AB23-D758FA165C00}.Release|iPhone.Build.0 = Release|Any CPU
		{506732ED-08D8-4D0D-AB23-D758FA165C00}.Release|iPhoneSimulator.ActiveCfg = Release|Any CPU
		{506732ED-08D8-4D0D-AB23-D758FA165C00}.Release|iPhoneSimulator.Build.0 = Release|Any CPU
		{506732ED-08D8-4D0D-AB23-D758FA165C00}.Release|x64.ActiveCfg = Release|Any CPU
		{506732ED-08D8-4D0D-AB23-D758FA165C00}.Release|x64.Build.0 = Release|Any CPU
		{506732ED-08D8-4D0D-AB23-D758FA165C00}.Release|x86.ActiveCfg = Release|Any CPU
		{506732ED-08D8-4D0D-AB23-D758FA165C00}.Release|x86.Build.0 = Release|Any CPU
		{C0E95AB4-2E58-40BF-9538-D446494FC55C}.Ad-Hoc|Any CPU.ActiveCfg = Release|Any CPU
		{C0E95AB4-2E58-40BF-9538-D446494FC55C}.Ad-Hoc|Any CPU.Build.0 = Release|Any CPU
		{C0E95AB4-2E58-40BF-9538-D446494FC55C}.Ad-Hoc|ARM.ActiveCfg = Release|Any CPU
		{C0E95AB4-2E58-40BF-9538-D446494FC55C}.Ad-Hoc|ARM.Build.0 = Release|Any CPU
		{C0E95AB4-2E58-40BF-9538-D446494FC55C}.Ad-Hoc|iPhone.ActiveCfg = Release|Any CPU
		{C0E95AB4-2E58-40BF-9538-D446494FC55C}.Ad-Hoc|iPhone.Build.0 = Release|Any CPU
		{C0E95AB4-2E58-40BF-9538-D446494FC55C}.Ad-Hoc|iPhoneSimulator.ActiveCfg = Release|Any CPU
		{C0E95AB4-2E58-40BF-9538-D446494FC55C}.Ad-Hoc|iPhoneSimulator.Build.0 = Release|Any CPU
		{C0E95AB4-2E58-40BF-9538-D446494FC55C}.Ad-Hoc|x64.ActiveCfg = Release|Any CPU
		{C0E95AB4-2E58-40BF-9538-D446494FC55C}.Ad-Hoc|x64.Build.0 = Release|Any CPU
		{C0E95AB4-2E58-40BF-9538-D446494FC55C}.Ad-Hoc|x86.ActiveCfg = Release|Any CPU
		{C0E95AB4-2E58-40BF-9538-D446494FC55C}.Ad-Hoc|x86.Build.0 = Release|Any CPU
		{C0E95AB4-2E58-40BF-9538-D446494FC55C}.AppStore|Any CPU.ActiveCfg = Release|Any CPU
		{C0E95AB4-2E58-40BF-9538-D446494FC55C}.AppStore|Any CPU.Build.0 = Release|Any CPU
		{C0E95AB4-2E58-40BF-9538-D446494FC55C}.AppStore|ARM.ActiveCfg = Release|Any CPU
		{C0E95AB4-2E58-40BF-9538-D446494FC55C}.AppStore|ARM.Build.0 = Release|Any CPU
		{C0E95AB4-2E58-40BF-9538-D446494FC55C}.AppStore|iPhone.ActiveCfg = Release|Any CPU
		{C0E95AB4-2E58-40BF-9538-D446494FC55C}.AppStore|iPhone.Build.0 = Release|Any CPU
		{C0E95AB4-2E58-40BF-9538-D446494FC55C}.AppStore|iPhoneSimulator.ActiveCfg = Release|Any CPU
		{C0E95AB4-2E58-40BF-9538-D446494FC55C}.AppStore|iPhoneSimulator.Build.0 = Release|Any CPU
		{C0E95AB4-2E58-40BF-9538-D446494FC55C}.AppStore|x64.ActiveCfg = Release|Any CPU
		{C0E95AB4-2E58-40BF-9538-D446494FC55C}.AppStore|x64.Build.0 = Release|Any CPU
		{C0E95AB4-2E58-40BF-9538-D446494FC55C}.AppStore|x86.ActiveCfg = Release|Any CPU
		{C0E95AB4-2E58-40BF-9538-D446494FC55C}.AppStore|x86.Build.0 = Release|Any CPU
		{C0E95AB4-2E58-40BF-9538-D446494FC55C}.Debug|Any CPU.ActiveCfg = Debug|Any CPU
		{C0E95AB4-2E58-40BF-9538-D446494FC55C}.Debug|Any CPU.Build.0 = Debug|Any CPU
		{C0E95AB4-2E58-40BF-9538-D446494FC55C}.Debug|ARM.ActiveCfg = Debug|Any CPU
		{C0E95AB4-2E58-40BF-9538-D446494FC55C}.Debug|ARM.Build.0 = Debug|Any CPU
		{C0E95AB4-2E58-40BF-9538-D446494FC55C}.Debug|iPhone.ActiveCfg = Debug|Any CPU
		{C0E95AB4-2E58-40BF-9538-D446494FC55C}.Debug|iPhone.Build.0 = Debug|Any CPU
		{C0E95AB4-2E58-40BF-9538-D446494FC55C}.Debug|iPhoneSimulator.ActiveCfg = Debug|Any CPU
		{C0E95AB4-2E58-40BF-9538-D446494FC55C}.Debug|iPhoneSimulator.Build.0 = Debug|Any CPU
		{C0E95AB4-2E58-40BF-9538-D446494FC55C}.Debug|x64.ActiveCfg = Debug|Any CPU
		{C0E95AB4-2E58-40BF-9538-D446494FC55C}.Debug|x64.Build.0 = Debug|Any CPU
		{C0E95AB4-2E58-40BF-9538-D446494FC55C}.Debug|x86.ActiveCfg = Debug|Any CPU
		{C0E95AB4-2E58-40BF-9538-D446494FC55C}.Debug|x86.Build.0 = Debug|Any CPU
		{C0E95AB4-2E58-40BF-9538-D446494FC55C}.Release|Any CPU.ActiveCfg = Release|Any CPU
		{C0E95AB4-2E58-40BF-9538-D446494FC55C}.Release|Any CPU.Build.0 = Release|Any CPU
		{C0E95AB4-2E58-40BF-9538-D446494FC55C}.Release|ARM.ActiveCfg = Release|Any CPU
		{C0E95AB4-2E58-40BF-9538-D446494FC55C}.Release|ARM.Build.0 = Release|Any CPU
		{C0E95AB4-2E58-40BF-9538-D446494FC55C}.Release|iPhone.ActiveCfg = Release|Any CPU
		{C0E95AB4-2E58-40BF-9538-D446494FC55C}.Release|iPhone.Build.0 = Release|Any CPU
		{C0E95AB4-2E58-40BF-9538-D446494FC55C}.Release|iPhoneSimulator.ActiveCfg = Release|Any CPU
		{C0E95AB4-2E58-40BF-9538-D446494FC55C}.Release|iPhoneSimulator.Build.0 = Release|Any CPU
		{C0E95AB4-2E58-40BF-9538-D446494FC55C}.Release|x64.ActiveCfg = Release|Any CPU
		{C0E95AB4-2E58-40BF-9538-D446494FC55C}.Release|x64.Build.0 = Release|Any CPU
		{C0E95AB4-2E58-40BF-9538-D446494FC55C}.Release|x86.ActiveCfg = Release|Any CPU
		{C0E95AB4-2E58-40BF-9538-D446494FC55C}.Release|x86.Build.0 = Release|Any CPU
		{8812A288-5171-40AA-A59B-183AE31BB1C8}.Ad-Hoc|Any CPU.ActiveCfg = Release|Any CPU
		{8812A288-5171-40AA-A59B-183AE31BB1C8}.Ad-Hoc|Any CPU.Build.0 = Release|Any CPU
		{8812A288-5171-40AA-A59B-183AE31BB1C8}.Ad-Hoc|ARM.ActiveCfg = Release|Any CPU
		{8812A288-5171-40AA-A59B-183AE31BB1C8}.Ad-Hoc|ARM.Build.0 = Release|Any CPU
		{8812A288-5171-40AA-A59B-183AE31BB1C8}.Ad-Hoc|iPhone.ActiveCfg = Release|Any CPU
		{8812A288-5171-40AA-A59B-183AE31BB1C8}.Ad-Hoc|iPhone.Build.0 = Release|Any CPU
		{8812A288-5171-40AA-A59B-183AE31BB1C8}.Ad-Hoc|iPhoneSimulator.ActiveCfg = Release|Any CPU
		{8812A288-5171-40AA-A59B-183AE31BB1C8}.Ad-Hoc|iPhoneSimulator.Build.0 = Release|Any CPU
		{8812A288-5171-40AA-A59B-183AE31BB1C8}.Ad-Hoc|x64.ActiveCfg = Release|Any CPU
		{8812A288-5171-40AA-A59B-183AE31BB1C8}.Ad-Hoc|x64.Build.0 = Release|Any CPU
		{8812A288-5171-40AA-A59B-183AE31BB1C8}.Ad-Hoc|x86.ActiveCfg = Release|Any CPU
		{8812A288-5171-40AA-A59B-183AE31BB1C8}.Ad-Hoc|x86.Build.0 = Release|Any CPU
		{8812A288-5171-40AA-A59B-183AE31BB1C8}.AppStore|Any CPU.ActiveCfg = Release|Any CPU
		{8812A288-5171-40AA-A59B-183AE31BB1C8}.AppStore|Any CPU.Build.0 = Release|Any CPU
		{8812A288-5171-40AA-A59B-183AE31BB1C8}.AppStore|ARM.ActiveCfg = Release|Any CPU
		{8812A288-5171-40AA-A59B-183AE31BB1C8}.AppStore|ARM.Build.0 = Release|Any CPU
		{8812A288-5171-40AA-A59B-183AE31BB1C8}.AppStore|iPhone.ActiveCfg = Release|Any CPU
		{8812A288-5171-40AA-A59B-183AE31BB1C8}.AppStore|iPhone.Build.0 = Release|Any CPU
		{8812A288-5171-40AA-A59B-183AE31BB1C8}.AppStore|iPhoneSimulator.ActiveCfg = Release|Any CPU
		{8812A288-5171-40AA-A59B-183AE31BB1C8}.AppStore|iPhoneSimulator.Build.0 = Release|Any CPU
		{8812A288-5171-40AA-A59B-183AE31BB1C8}.AppStore|x64.ActiveCfg = Release|Any CPU
		{8812A288-5171-40AA-A59B-183AE31BB1C8}.AppStore|x64.Build.0 = Release|Any CPU
		{8812A288-5171-40AA-A59B-183AE31BB1C8}.AppStore|x86.ActiveCfg = Release|Any CPU
		{8812A288-5171-40AA-A59B-183AE31BB1C8}.AppStore|x86.Build.0 = Release|Any CPU
		{8812A288-5171-40AA-A59B-183AE31BB1C8}.Debug|Any CPU.ActiveCfg = Debug|Any CPU
		{8812A288-5171-40AA-A59B-183AE31BB1C8}.Debug|Any CPU.Build.0 = Debug|Any CPU
		{8812A288-5171-40AA-A59B-183AE31BB1C8}.Debug|ARM.ActiveCfg = Debug|Any CPU
		{8812A288-5171-40AA-A59B-183AE31BB1C8}.Debug|ARM.Build.0 = Debug|Any CPU
		{8812A288-5171-40AA-A59B-183AE31BB1C8}.Debug|iPhone.ActiveCfg = Debug|Any CPU
		{8812A288-5171-40AA-A59B-183AE31BB1C8}.Debug|iPhone.Build.0 = Debug|Any CPU
		{8812A288-5171-40AA-A59B-183AE31BB1C8}.Debug|iPhoneSimulator.ActiveCfg = Debug|Any CPU
		{8812A288-5171-40AA-A59B-183AE31BB1C8}.Debug|iPhoneSimulator.Build.0 = Debug|Any CPU
		{8812A288-5171-40AA-A59B-183AE31BB1C8}.Debug|x64.ActiveCfg = Debug|Any CPU
		{8812A288-5171-40AA-A59B-183AE31BB1C8}.Debug|x64.Build.0 = Debug|Any CPU
		{8812A288-5171-40AA-A59B-183AE31BB1C8}.Debug|x86.ActiveCfg = Debug|Any CPU
		{8812A288-5171-40AA-A59B-183AE31BB1C8}.Debug|x86.Build.0 = Debug|Any CPU
		{8812A288-5171-40AA-A59B-183AE31BB1C8}.Release|Any CPU.ActiveCfg = Release|Any CPU
		{8812A288-5171-40AA-A59B-183AE31BB1C8}.Release|Any CPU.Build.0 = Release|Any CPU
		{8812A288-5171-40AA-A59B-183AE31BB1C8}.Release|ARM.ActiveCfg = Release|Any CPU
		{8812A288-5171-40AA-A59B-183AE31BB1C8}.Release|ARM.Build.0 = Release|Any CPU
		{8812A288-5171-40AA-A59B-183AE31BB1C8}.Release|iPhone.ActiveCfg = Release|Any CPU
		{8812A288-5171-40AA-A59B-183AE31BB1C8}.Release|iPhone.Build.0 = Release|Any CPU
		{8812A288-5171-40AA-A59B-183AE31BB1C8}.Release|iPhoneSimulator.ActiveCfg = Release|Any CPU
		{8812A288-5171-40AA-A59B-183AE31BB1C8}.Release|iPhoneSimulator.Build.0 = Release|Any CPU
		{8812A288-5171-40AA-A59B-183AE31BB1C8}.Release|x64.ActiveCfg = Release|Any CPU
		{8812A288-5171-40AA-A59B-183AE31BB1C8}.Release|x64.Build.0 = Release|Any CPU
		{8812A288-5171-40AA-A59B-183AE31BB1C8}.Release|x86.ActiveCfg = Release|Any CPU
		{8812A288-5171-40AA-A59B-183AE31BB1C8}.Release|x86.Build.0 = Release|Any CPU
	EndGlobalSection
	GlobalSection(SolutionProperties) = preSolution
		HideSolutionNode = FALSE
	EndGlobalSection
	GlobalSection(ExtensibilityGlobals) = postSolution
		SolutionGuid = {19382912-2758-4790-A1E0-B41333768AA6}
	EndGlobalSection
EndGlobal
